
Microsoft Visual Studio Solution File, Format Version 12.00
# Visual Studio Version 17
VisualStudioVersion = 17.0.31903.59
MinimumVisualStudioVersion = 10.0.40219.1
Project("{2150E333-8FDC-42A3-9474-1A3956D46DE8}") = "2024", "2024", "{7C0197B3-DC54-492B-8407-14507C4B1862}"
EndProject
Project("{2150E333-8FDC-42A3-9474-1A3956D46DE8}") = "01", "01", "{8FBD0AB0-31A2-4D96-AA78-9B29756D5A5B}"
EndProject
Project("{FAE04EC0-301F-11D3-BF4B-00C04F79EFBC}") = "AoC01", "2024\01\AoC01\AoC01.csproj", "{49A3666C-171D-49CA-A851-431DB0CCF705}"
EndProject
Project("{2150E333-8FDC-42A3-9474-1A3956D46DE8}") = "02", "02", "{9D9DDD41-0A58-45C8-862F-F63DF200091F}"
EndProject
Project("{FAE04EC0-301F-11D3-BF4B-00C04F79EFBC}") = "AoC02", "2024\02\AoC02\AoC02.csproj", "{F206A186-04F1-41BA-911B-ABA452F943FD}"
EndProject
Global
	GlobalSection(SolutionConfigurationPlatforms) = preSolution
		Debug|Any CPU = Debug|Any CPU
		Release|Any CPU = Release|Any CPU
	EndGlobalSection
	GlobalSection(ProjectConfigurationPlatforms) = postSolution
		{49A3666C-171D-49CA-A851-431DB0CCF705}.Debug|Any CPU.ActiveCfg = Debug|Any CPU
		{49A3666C-171D-49CA-A851-431DB0CCF705}.Debug|Any CPU.Build.0 = Debug|Any CPU
		{49A3666C-171D-49CA-A851-431DB0CCF705}.Release|Any CPU.ActiveCfg = Release|Any CPU
		{49A3666C-171D-49CA-A851-431DB0CCF705}.Release|Any CPU.Build.0 = Release|Any CPU
		{F206A186-04F1-41BA-911B-ABA452F943FD}.Debug|Any CPU.ActiveCfg = Debug|Any CPU
		{F206A186-04F1-41BA-911B-ABA452F943FD}.Debug|Any CPU.Build.0 = Debug|Any CPU
		{F206A186-04F1-41BA-911B-ABA452F943FD}.Release|Any CPU.ActiveCfg = Release|Any CPU
		{F206A186-04F1-41BA-911B-ABA452F943FD}.Release|Any CPU.Build.0 = Release|Any CPU
	EndGlobalSection
	GlobalSection(SolutionProperties) = preSolution
		HideSolutionNode = FALSE
	EndGlobalSection
	GlobalSection(NestedProjects) = preSolution
		{8FBD0AB0-31A2-4D96-AA78-9B29756D5A5B} = {7C0197B3-DC54-492B-8407-14507C4B1862}
		{49A3666C-171D-49CA-A851-431DB0CCF705} = {8FBD0AB0-31A2-4D96-AA78-9B29756D5A5B}
		{9D9DDD41-0A58-45C8-862F-F63DF200091F} = {7C0197B3-DC54-492B-8407-14507C4B1862}
		{F206A186-04F1-41BA-911B-ABA452F943FD} = {9D9DDD41-0A58-45C8-862F-F63DF200091F}
	EndGlobalSection
EndGlobal
